
Microsoft Visual Studio Solution File, Format Version 12.00
# Visual Studio 15
VisualStudioVersion = 15.0.27004.2006
MinimumVisualStudioVersion = 10.0.40219.1
Project("{FAE04EC0-301F-11D3-BF4B-00C04F79EFBC}") = "HornetWings", "HornetWings\HornetWings.csproj", "{071BD9B0-09AB-4610-AE41-DE232D10862F}"
EndProject
Project("{FAE04EC0-301F-11D3-BF4B-00C04F79EFBC}") = "HornetComm", "HornetComm\HornetComm.csproj", "{5087C92A-B134-4778-A07A-04E8AD880A9F}"
EndProject
Project("{FAE04EC0-301F-11D3-BF4B-00C04F79EFBC}") = "HornetAssault", "HornetAssault\HornetAssault.csproj", "{A41EC904-8970-44D0-BDD8-1E71AF5EDB15}"
EndProject
Project("{FAE04EC0-301F-11D3-BF4B-00C04F79EFBC}") = "HornetArmada", "HornetArmada\HornetArmada.csproj", "{D0AFB239-E76D-4A89-BC30-686CD20969B4}"
EndProject
Global
	GlobalSection(SolutionConfigurationPlatforms) = preSolution
		Debug|Any CPU = Debug|Any CPU
		Release|Any CPU = Release|Any CPU
	EndGlobalSection
	GlobalSection(ProjectConfigurationPlatforms) = postSolution
		{071BD9B0-09AB-4610-AE41-DE232D10862F}.Debug|Any CPU.ActiveCfg = Debug|Any CPU
		{071BD9B0-09AB-4610-AE41-DE232D10862F}.Debug|Any CPU.Build.0 = Debug|Any CPU
		{071BD9B0-09AB-4610-AE41-DE232D10862F}.Release|Any CPU.ActiveCfg = Release|Any CPU
		{071BD9B0-09AB-4610-AE41-DE232D10862F}.Release|Any CPU.Build.0 = Release|Any CPU
		{5087C92A-B134-4778-A07A-04E8AD880A9F}.Debug|Any CPU.ActiveCfg = Debug|Any CPU
		{5087C92A-B134-4778-A07A-04E8AD880A9F}.Debug|Any CPU.Build.0 = Debug|Any CPU
		{5087C92A-B134-4778-A07A-04E8AD880A9F}.Release|Any CPU.ActiveCfg = Release|Any CPU
		{5087C92A-B134-4778-A07A-04E8AD880A9F}.Release|Any CPU.Build.0 = Release|Any CPU
		{A41EC904-8970-44D0-BDD8-1E71AF5EDB15}.Debug|Any CPU.ActiveCfg = Debug|Any CPU
		{A41EC904-8970-44D0-BDD8-1E71AF5EDB15}.Debug|Any CPU.Build.0 = Debug|Any CPU
		{A41EC904-8970-44D0-BDD8-1E71AF5EDB15}.Release|Any CPU.ActiveCfg = Release|Any CPU
		{A41EC904-8970-44D0-BDD8-1E71AF5EDB15}.Release|Any CPU.Build.0 = Release|Any CPU
		{D0AFB239-E76D-4A89-BC30-686CD20969B4}.Debug|Any CPU.ActiveCfg = Debug|Any CPU
		{D0AFB239-E76D-4A89-BC30-686CD20969B4}.Debug|Any CPU.Build.0 = Debug|Any CPU
		{D0AFB239-E76D-4A89-BC30-686CD20969B4}.Release|Any CPU.ActiveCfg = Release|Any CPU
		{D0AFB239-E76D-4A89-BC30-686CD20969B4}.Release|Any CPU.Build.0 = Release|Any CPU
	EndGlobalSection
	GlobalSection(SolutionProperties) = preSolution
		HideSolutionNode = FALSE
	EndGlobalSection
	GlobalSection(ExtensibilityGlobals) = postSolution
		SolutionGuid = {0FAD0BFA-FB7A-4249-8FD6-8967765DE67C}
	EndGlobalSection
EndGlobal
