
Microsoft Visual Studio Solution File, Format Version 12.00
# Visual Studio 15
VisualStudioVersion = 15.0.26730.16
MinimumVisualStudioVersion = 10.0.40219.1
Project("{9A19103F-16F7-4668-BE54-9A1E7A4F7556}") = "01.HelloName", "HelloName\01.HelloName.csproj", "{6BDBF4DE-FBCA-43BD-8D51-CD6CD67793F1}"
EndProject
Project("{9A19103F-16F7-4668-BE54-9A1E7A4F7556}") = "02.MaxMethod", "MaxMethod\02.MaxMethod.csproj", "{5DAD16AF-E1F5-4486-9644-7C0100EEEC31}"
EndProject
Project("{FAE04EC0-301F-11D3-BF4B-00C04F79EFBC}") = "03.EnglishNameОfLastDigit", "EnglishNameОfLastDigit\03.EnglishNameОfLastDigit.csproj", "{64251CCF-E0F5-4EC8-B751-7C37CA61B65A}"
EndProject
Project("{FAE04EC0-301F-11D3-BF4B-00C04F79EFBC}") = "04.NumbersInReversedOrder", "NumbersInReversedOrder\04.NumbersInReversedOrder.csproj", "{157734AB-7FA8-41E5-A993-6C4E28A9E6EF}"
EndProject
Project("{FAE04EC0-301F-11D3-BF4B-00C04F79EFBC}") = "05.FibonacciNumbers", "FibonacciNumbers\05.FibonacciNumbers.csproj", "{63C09B98-1CC9-4993-BCA6-5ED93A1BA4DD}"
EndProject
Project("{FAE04EC0-301F-11D3-BF4B-00C04F79EFBC}") = "06.PrimeChecker", "PrimeChecker\06.PrimeChecker.csproj", "{B5E81189-F88B-4A3B-A551-7F45813CF897}"
EndProject
Project("{FAE04EC0-301F-11D3-BF4B-00C04F79EFBC}") = "07.PrimesInGivenRange", "PrimesInGivenRange\07.PrimesInGivenRange.csproj", "{7136F5E6-BBFF-49A0-8F89-C586DE737A59}"
EndProject
Project("{FAE04EC0-301F-11D3-BF4B-00C04F79EFBC}") = "12.MasterNumber", "MasterNumber\12.MasterNumber.csproj", "{5CDF5E9C-EA59-4F05-8F08-621257528DC5}"
EndProject
Project("{FAE04EC0-301F-11D3-BF4B-00C04F79EFBC}") = "09.LongerLine", "LongerLine\09.LongerLine.csproj", "{8B2C4BE7-C123-4E55-AE9B-A05FA36F383C}"
EndProject
Project("{FAE04EC0-301F-11D3-BF4B-00C04F79EFBC}") = "08.CenterPoint", "CenterPoint\08.CenterPoint.csproj", "{2E7BB7F9-6D88-48B3-B642-BA2646AD02C9}"
EndProject
Project("{FAE04EC0-301F-11D3-BF4B-00C04F79EFBC}") = "10.CubeProperties", "CubeProperties\10.CubeProperties.csproj", "{0638BDB6-832F-4A33-942F-1A83FAA3F250}"
EndProject
Project("{FAE04EC0-301F-11D3-BF4B-00C04F79EFBC}") = "11.GeometryCalculator", "GeometryCalculator\11.GeometryCalculator.csproj", "{5943C6E8-7129-4E6B-9E0D-7DEBE2063229}"
EndProject
Project("{FAE04EC0-301F-11D3-BF4B-00C04F79EFBC}") = "13.Factorial", "Factorial\13.Factorial.csproj", "{7F5C4111-77ED-4390-998D-0BFC2744B5A4}"
EndProject
Project("{FAE04EC0-301F-11D3-BF4B-00C04F79EFBC}") = "14.FactorialTrailingZeroes", "FactorialTrailingZeroes\14.FactorialTrailingZeroes.csproj", "{E109530B-CBA0-4BF0-9BCF-B3BEA6C1649B}"
EndProject
Project("{FAE04EC0-301F-11D3-BF4B-00C04F79EFBC}") = "15.Substring", "Substring\15.Substring.csproj", "{A283C48A-604B-45D6-83BC-C5BE6BF478AB}"
EndProject
Project("{FAE04EC0-301F-11D3-BF4B-00C04F79EFBC}") = "16.InstructionSet", "InstructionSet\16.InstructionSet.csproj", "{26F1C62D-E70A-4E00-AB3B-94F1EAA1028A}"
EndProject
Project("{FAE04EC0-301F-11D3-BF4B-00C04F79EFBC}") = "17.BePositive", "BePositive\17.BePositive.csproj", "{9A03115D-70ED-407C-9DBF-B1078DCC35E8}"
EndProject
Project("{FAE04EC0-301F-11D3-BF4B-00C04F79EFBC}") = "18.SequenceOfCommands", "SequenceOfCommands\18.SequenceOfCommands.csproj", "{E4E7A0E0-7DBB-456F-AB74-F31B9B7BD134}"
EndProject
Global
	GlobalSection(SolutionConfigurationPlatforms) = preSolution
		Debug|Any CPU = Debug|Any CPU
		Release|Any CPU = Release|Any CPU
	EndGlobalSection
	GlobalSection(ProjectConfigurationPlatforms) = postSolution
		{6BDBF4DE-FBCA-43BD-8D51-CD6CD67793F1}.Debug|Any CPU.ActiveCfg = Debug|Any CPU
		{6BDBF4DE-FBCA-43BD-8D51-CD6CD67793F1}.Debug|Any CPU.Build.0 = Debug|Any CPU
		{6BDBF4DE-FBCA-43BD-8D51-CD6CD67793F1}.Release|Any CPU.ActiveCfg = Release|Any CPU
		{6BDBF4DE-FBCA-43BD-8D51-CD6CD67793F1}.Release|Any CPU.Build.0 = Release|Any CPU
		{5DAD16AF-E1F5-4486-9644-7C0100EEEC31}.Debug|Any CPU.ActiveCfg = Debug|Any CPU
		{5DAD16AF-E1F5-4486-9644-7C0100EEEC31}.Debug|Any CPU.Build.0 = Debug|Any CPU
		{5DAD16AF-E1F5-4486-9644-7C0100EEEC31}.Release|Any CPU.ActiveCfg = Release|Any CPU
		{5DAD16AF-E1F5-4486-9644-7C0100EEEC31}.Release|Any CPU.Build.0 = Release|Any CPU
		{64251CCF-E0F5-4EC8-B751-7C37CA61B65A}.Debug|Any CPU.ActiveCfg = Debug|Any CPU
		{64251CCF-E0F5-4EC8-B751-7C37CA61B65A}.Debug|Any CPU.Build.0 = Debug|Any CPU
		{64251CCF-E0F5-4EC8-B751-7C37CA61B65A}.Release|Any CPU.ActiveCfg = Release|Any CPU
		{64251CCF-E0F5-4EC8-B751-7C37CA61B65A}.Release|Any CPU.Build.0 = Release|Any CPU
		{157734AB-7FA8-41E5-A993-6C4E28A9E6EF}.Debug|Any CPU.ActiveCfg = Debug|Any CPU
		{157734AB-7FA8-41E5-A993-6C4E28A9E6EF}.Debug|Any CPU.Build.0 = Debug|Any CPU
		{157734AB-7FA8-41E5-A993-6C4E28A9E6EF}.Release|Any CPU.ActiveCfg = Release|Any CPU
		{157734AB-7FA8-41E5-A993-6C4E28A9E6EF}.Release|Any CPU.Build.0 = Release|Any CPU
		{63C09B98-1CC9-4993-BCA6-5ED93A1BA4DD}.Debug|Any CPU.ActiveCfg = Debug|Any CPU
		{63C09B98-1CC9-4993-BCA6-5ED93A1BA4DD}.Debug|Any CPU.Build.0 = Debug|Any CPU
		{63C09B98-1CC9-4993-BCA6-5ED93A1BA4DD}.Release|Any CPU.ActiveCfg = Release|Any CPU
		{63C09B98-1CC9-4993-BCA6-5ED93A1BA4DD}.Release|Any CPU.Build.0 = Release|Any CPU
		{B5E81189-F88B-4A3B-A551-7F45813CF897}.Debug|Any CPU.ActiveCfg = Debug|Any CPU
		{B5E81189-F88B-4A3B-A551-7F45813CF897}.Debug|Any CPU.Build.0 = Debug|Any CPU
		{B5E81189-F88B-4A3B-A551-7F45813CF897}.Release|Any CPU.ActiveCfg = Release|Any CPU
		{B5E81189-F88B-4A3B-A551-7F45813CF897}.Release|Any CPU.Build.0 = Release|Any CPU
		{7136F5E6-BBFF-49A0-8F89-C586DE737A59}.Debug|Any CPU.ActiveCfg = Debug|Any CPU
		{7136F5E6-BBFF-49A0-8F89-C586DE737A59}.Debug|Any CPU.Build.0 = Debug|Any CPU
		{7136F5E6-BBFF-49A0-8F89-C586DE737A59}.Release|Any CPU.ActiveCfg = Release|Any CPU
		{7136F5E6-BBFF-49A0-8F89-C586DE737A59}.Release|Any CPU.Build.0 = Release|Any CPU
		{5CDF5E9C-EA59-4F05-8F08-621257528DC5}.Debug|Any CPU.ActiveCfg = Debug|Any CPU
		{5CDF5E9C-EA59-4F05-8F08-621257528DC5}.Debug|Any CPU.Build.0 = Debug|Any CPU
		{5CDF5E9C-EA59-4F05-8F08-621257528DC5}.Release|Any CPU.ActiveCfg = Release|Any CPU
		{5CDF5E9C-EA59-4F05-8F08-621257528DC5}.Release|Any CPU.Build.0 = Release|Any CPU
		{8B2C4BE7-C123-4E55-AE9B-A05FA36F383C}.Debug|Any CPU.ActiveCfg = Debug|Any CPU
		{8B2C4BE7-C123-4E55-AE9B-A05FA36F383C}.Debug|Any CPU.Build.0 = Debug|Any CPU
		{8B2C4BE7-C123-4E55-AE9B-A05FA36F383C}.Release|Any CPU.ActiveCfg = Release|Any CPU
		{8B2C4BE7-C123-4E55-AE9B-A05FA36F383C}.Release|Any CPU.Build.0 = Release|Any CPU
		{2E7BB7F9-6D88-48B3-B642-BA2646AD02C9}.Debug|Any CPU.ActiveCfg = Debug|Any CPU
		{2E7BB7F9-6D88-48B3-B642-BA2646AD02C9}.Debug|Any CPU.Build.0 = Debug|Any CPU
		{2E7BB7F9-6D88-48B3-B642-BA2646AD02C9}.Release|Any CPU.ActiveCfg = Release|Any CPU
		{2E7BB7F9-6D88-48B3-B642-BA2646AD02C9}.Release|Any CPU.Build.0 = Release|Any CPU
		{0638BDB6-832F-4A33-942F-1A83FAA3F250}.Debug|Any CPU.ActiveCfg = Debug|Any CPU
		{0638BDB6-832F-4A33-942F-1A83FAA3F250}.Debug|Any CPU.Build.0 = Debug|Any CPU
		{0638BDB6-832F-4A33-942F-1A83FAA3F250}.Release|Any CPU.ActiveCfg = Release|Any CPU
		{0638BDB6-832F-4A33-942F-1A83FAA3F250}.Release|Any CPU.Build.0 = Release|Any CPU
		{5943C6E8-7129-4E6B-9E0D-7DEBE2063229}.Debug|Any CPU.ActiveCfg = Debug|Any CPU
		{5943C6E8-7129-4E6B-9E0D-7DEBE2063229}.Debug|Any CPU.Build.0 = Debug|Any CPU
		{5943C6E8-7129-4E6B-9E0D-7DEBE2063229}.Release|Any CPU.ActiveCfg = Release|Any CPU
		{5943C6E8-7129-4E6B-9E0D-7DEBE2063229}.Release|Any CPU.Build.0 = Release|Any CPU
		{7F5C4111-77ED-4390-998D-0BFC2744B5A4}.Debug|Any CPU.ActiveCfg = Debug|Any CPU
		{7F5C4111-77ED-4390-998D-0BFC2744B5A4}.Debug|Any CPU.Build.0 = Debug|Any CPU
		{7F5C4111-77ED-4390-998D-0BFC2744B5A4}.Release|Any CPU.ActiveCfg = Release|Any CPU
		{7F5C4111-77ED-4390-998D-0BFC2744B5A4}.Release|Any CPU.Build.0 = Release|Any CPU
		{E109530B-CBA0-4BF0-9BCF-B3BEA6C1649B}.Debug|Any CPU.ActiveCfg = Debug|Any CPU
		{E109530B-CBA0-4BF0-9BCF-B3BEA6C1649B}.Debug|Any CPU.Build.0 = Debug|Any CPU
		{E109530B-CBA0-4BF0-9BCF-B3BEA6C1649B}.Release|Any CPU.ActiveCfg = Release|Any CPU
		{E109530B-CBA0-4BF0-9BCF-B3BEA6C1649B}.Release|Any CPU.Build.0 = Release|Any CPU
		{A283C48A-604B-45D6-83BC-C5BE6BF478AB}.Debug|Any CPU.ActiveCfg = Debug|Any CPU
		{A283C48A-604B-45D6-83BC-C5BE6BF478AB}.Debug|Any CPU.Build.0 = Debug|Any CPU
		{A283C48A-604B-45D6-83BC-C5BE6BF478AB}.Release|Any CPU.ActiveCfg = Release|Any CPU
		{A283C48A-604B-45D6-83BC-C5BE6BF478AB}.Release|Any CPU.Build.0 = Release|Any CPU
		{26F1C62D-E70A-4E00-AB3B-94F1EAA1028A}.Debug|Any CPU.ActiveCfg = Debug|Any CPU
		{26F1C62D-E70A-4E00-AB3B-94F1EAA1028A}.Debug|Any CPU.Build.0 = Debug|Any CPU
		{26F1C62D-E70A-4E00-AB3B-94F1EAA1028A}.Release|Any CPU.ActiveCfg = Release|Any CPU
		{26F1C62D-E70A-4E00-AB3B-94F1EAA1028A}.Release|Any CPU.Build.0 = Release|Any CPU
		{9A03115D-70ED-407C-9DBF-B1078DCC35E8}.Debug|Any CPU.ActiveCfg = Debug|Any CPU
		{9A03115D-70ED-407C-9DBF-B1078DCC35E8}.Debug|Any CPU.Build.0 = Debug|Any CPU
		{9A03115D-70ED-407C-9DBF-B1078DCC35E8}.Release|Any CPU.ActiveCfg = Release|Any CPU
		{9A03115D-70ED-407C-9DBF-B1078DCC35E8}.Release|Any CPU.Build.0 = Release|Any CPU
		{E4E7A0E0-7DBB-456F-AB74-F31B9B7BD134}.Debug|Any CPU.ActiveCfg = Debug|Any CPU
		{E4E7A0E0-7DBB-456F-AB74-F31B9B7BD134}.Debug|Any CPU.Build.0 = Debug|Any CPU
		{E4E7A0E0-7DBB-456F-AB74-F31B9B7BD134}.Release|Any CPU.ActiveCfg = Release|Any CPU
		{E4E7A0E0-7DBB-456F-AB74-F31B9B7BD134}.Release|Any CPU.Build.0 = Release|Any CPU
	EndGlobalSection
	GlobalSection(SolutionProperties) = preSolution
		HideSolutionNode = FALSE
	EndGlobalSection
	GlobalSection(ExtensibilityGlobals) = postSolution
		SolutionGuid = {9231E5B3-60A7-475B-8193-3D8D3487F4C9}
	EndGlobalSection
EndGlobal
