
Microsoft Visual Studio Solution File, Format Version 12.00
# Visual Studio 15
VisualStudioVersion = 15.0.26730.16
MinimumVisualStudioVersion = 10.0.40219.1
Project("{FAE04EC0-301F-11D3-BF4B-00C04F79EFBC}") = "01.Choose a Drink", "Choose a Drink\01.Choose a Drink.csproj", "{E635294C-97B0-4A01-8EEC-E8133DA994C0}"
EndProject
Project("{FAE04EC0-301F-11D3-BF4B-00C04F79EFBC}") = "02.Choose a Drink 2.0", "Choose a Drink 2.0\02.Choose a Drink 2.0.csproj", "{662CE6B1-4795-453B-95B6-FE1813509E0F}"
EndProject
Project("{FAE04EC0-301F-11D3-BF4B-00C04F79EFBC}") = "03.Restaurant Discount", "Restaurant Discount\03.Restaurant Discount.csproj", "{7ECCB185-00E2-4460-9D62-C36080CDD6D7}"
EndProject
Project("{FAE04EC0-301F-11D3-BF4B-00C04F79EFBC}") = "04.Hotel", "Hotel\04.Hotel.csproj", "{73A449F4-2A41-43FB-9B26-C43B6B5791E3}"
EndProject
Project("{FAE04EC0-301F-11D3-BF4B-00C04F79EFBC}") = "05.Word in Plural", "Word in Plural\05.Word in Plural.csproj", "{A5F76D3A-BCE8-42DE-816E-04CD8E63261E}"
EndProject
Project("{FAE04EC0-301F-11D3-BF4B-00C04F79EFBC}") = "06.Interval of Numbers", "Interval of Numbers\06.Interval of Numbers.csproj", "{A482CDA7-AE6D-4BD2-85A1-F5E96516C273}"
EndProject
Project("{FAE04EC0-301F-11D3-BF4B-00C04F79EFBC}") = "07.Cake Ingredients", "Cake Ingredients\07.Cake Ingredients.csproj", "{22E9052C-6F84-40EC-8AD9-8A23EE5786B2}"
EndProject
Project("{FAE04EC0-301F-11D3-BF4B-00C04F79EFBC}") = "08.Calories Counter", "Calories Counter\08.Calories Counter.csproj", "{563013E1-8DE8-4AA9-9F3E-05CE0BAD5DD6}"
EndProject
Project("{FAE04EC0-301F-11D3-BF4B-00C04F79EFBC}") = "09.Count the Integers", "Count the Integers\09.Count the Integers.csproj", "{97BA0EDA-C35B-4820-8A30-F2190DA5BC65}"
EndProject
Project("{FAE04EC0-301F-11D3-BF4B-00C04F79EFBC}") = "10.Triangle of Numbers", "Triangle of Numbers\10.Triangle of Numbers.csproj", "{FF94DE35-1E11-4B3E-A487-D7973CA88882}"
EndProject
Project("{FAE04EC0-301F-11D3-BF4B-00C04F79EFBC}") = "11.5 Different Numbers", "5 Different Numbers\11.5 Different Numbers.csproj", "{688768BB-09BE-49B5-A8C7-CBF4286CD763}"
EndProject
Project("{FAE04EC0-301F-11D3-BF4B-00C04F79EFBC}") = "12.Test Numbers", "Test Numbers\12.Test Numbers.csproj", "{8D1C32C7-3AFC-40D8-AED6-60AC4F8513F6}"
EndProject
Project("{FAE04EC0-301F-11D3-BF4B-00C04F79EFBC}") = "13.Game of Numbers", "Game of Numbers\13.Game of Numbers.csproj", "{D5ED8D08-48F0-4F09-B193-F499744E152B}"
EndProject
Project("{FAE04EC0-301F-11D3-BF4B-00C04F79EFBC}") = "14.Magic Letter", "Magic Letter\14.Magic Letter.csproj", "{09771A94-5968-4950-929E-BD4BE7E536A2}"
EndProject
Project("{FAE04EC0-301F-11D3-BF4B-00C04F79EFBC}") = "15.Neighbour Wars", "Neighbour Wars\15.Neighbour Wars.csproj", "{C25EB1D2-2986-4B1B-B6D3-0052680AD1A8}"
EndProject
Global
	GlobalSection(SolutionConfigurationPlatforms) = preSolution
		Debug|Any CPU = Debug|Any CPU
		Release|Any CPU = Release|Any CPU
	EndGlobalSection
	GlobalSection(ProjectConfigurationPlatforms) = postSolution
		{E635294C-97B0-4A01-8EEC-E8133DA994C0}.Debug|Any CPU.ActiveCfg = Debug|Any CPU
		{E635294C-97B0-4A01-8EEC-E8133DA994C0}.Debug|Any CPU.Build.0 = Debug|Any CPU
		{E635294C-97B0-4A01-8EEC-E8133DA994C0}.Release|Any CPU.ActiveCfg = Release|Any CPU
		{E635294C-97B0-4A01-8EEC-E8133DA994C0}.Release|Any CPU.Build.0 = Release|Any CPU
		{662CE6B1-4795-453B-95B6-FE1813509E0F}.Debug|Any CPU.ActiveCfg = Debug|Any CPU
		{662CE6B1-4795-453B-95B6-FE1813509E0F}.Debug|Any CPU.Build.0 = Debug|Any CPU
		{662CE6B1-4795-453B-95B6-FE1813509E0F}.Release|Any CPU.ActiveCfg = Release|Any CPU
		{662CE6B1-4795-453B-95B6-FE1813509E0F}.Release|Any CPU.Build.0 = Release|Any CPU
		{7ECCB185-00E2-4460-9D62-C36080CDD6D7}.Debug|Any CPU.ActiveCfg = Debug|Any CPU
		{7ECCB185-00E2-4460-9D62-C36080CDD6D7}.Debug|Any CPU.Build.0 = Debug|Any CPU
		{7ECCB185-00E2-4460-9D62-C36080CDD6D7}.Release|Any CPU.ActiveCfg = Release|Any CPU
		{7ECCB185-00E2-4460-9D62-C36080CDD6D7}.Release|Any CPU.Build.0 = Release|Any CPU
		{73A449F4-2A41-43FB-9B26-C43B6B5791E3}.Debug|Any CPU.ActiveCfg = Debug|Any CPU
		{73A449F4-2A41-43FB-9B26-C43B6B5791E3}.Debug|Any CPU.Build.0 = Debug|Any CPU
		{73A449F4-2A41-43FB-9B26-C43B6B5791E3}.Release|Any CPU.ActiveCfg = Release|Any CPU
		{73A449F4-2A41-43FB-9B26-C43B6B5791E3}.Release|Any CPU.Build.0 = Release|Any CPU
		{A5F76D3A-BCE8-42DE-816E-04CD8E63261E}.Debug|Any CPU.ActiveCfg = Debug|Any CPU
		{A5F76D3A-BCE8-42DE-816E-04CD8E63261E}.Debug|Any CPU.Build.0 = Debug|Any CPU
		{A5F76D3A-BCE8-42DE-816E-04CD8E63261E}.Release|Any CPU.ActiveCfg = Release|Any CPU
		{A5F76D3A-BCE8-42DE-816E-04CD8E63261E}.Release|Any CPU.Build.0 = Release|Any CPU
		{A482CDA7-AE6D-4BD2-85A1-F5E96516C273}.Debug|Any CPU.ActiveCfg = Debug|Any CPU
		{A482CDA7-AE6D-4BD2-85A1-F5E96516C273}.Debug|Any CPU.Build.0 = Debug|Any CPU
		{A482CDA7-AE6D-4BD2-85A1-F5E96516C273}.Release|Any CPU.ActiveCfg = Release|Any CPU
		{A482CDA7-AE6D-4BD2-85A1-F5E96516C273}.Release|Any CPU.Build.0 = Release|Any CPU
		{22E9052C-6F84-40EC-8AD9-8A23EE5786B2}.Debug|Any CPU.ActiveCfg = Debug|Any CPU
		{22E9052C-6F84-40EC-8AD9-8A23EE5786B2}.Debug|Any CPU.Build.0 = Debug|Any CPU
		{22E9052C-6F84-40EC-8AD9-8A23EE5786B2}.Release|Any CPU.ActiveCfg = Release|Any CPU
		{22E9052C-6F84-40EC-8AD9-8A23EE5786B2}.Release|Any CPU.Build.0 = Release|Any CPU
		{563013E1-8DE8-4AA9-9F3E-05CE0BAD5DD6}.Debug|Any CPU.ActiveCfg = Debug|Any CPU
		{563013E1-8DE8-4AA9-9F3E-05CE0BAD5DD6}.Debug|Any CPU.Build.0 = Debug|Any CPU
		{563013E1-8DE8-4AA9-9F3E-05CE0BAD5DD6}.Release|Any CPU.ActiveCfg = Release|Any CPU
		{563013E1-8DE8-4AA9-9F3E-05CE0BAD5DD6}.Release|Any CPU.Build.0 = Release|Any CPU
		{97BA0EDA-C35B-4820-8A30-F2190DA5BC65}.Debug|Any CPU.ActiveCfg = Debug|Any CPU
		{97BA0EDA-C35B-4820-8A30-F2190DA5BC65}.Debug|Any CPU.Build.0 = Debug|Any CPU
		{97BA0EDA-C35B-4820-8A30-F2190DA5BC65}.Release|Any CPU.ActiveCfg = Release|Any CPU
		{97BA0EDA-C35B-4820-8A30-F2190DA5BC65}.Release|Any CPU.Build.0 = Release|Any CPU
		{FF94DE35-1E11-4B3E-A487-D7973CA88882}.Debug|Any CPU.ActiveCfg = Debug|Any CPU
		{FF94DE35-1E11-4B3E-A487-D7973CA88882}.Debug|Any CPU.Build.0 = Debug|Any CPU
		{FF94DE35-1E11-4B3E-A487-D7973CA88882}.Release|Any CPU.ActiveCfg = Release|Any CPU
		{FF94DE35-1E11-4B3E-A487-D7973CA88882}.Release|Any CPU.Build.0 = Release|Any CPU
		{688768BB-09BE-49B5-A8C7-CBF4286CD763}.Debug|Any CPU.ActiveCfg = Debug|Any CPU
		{688768BB-09BE-49B5-A8C7-CBF4286CD763}.Debug|Any CPU.Build.0 = Debug|Any CPU
		{688768BB-09BE-49B5-A8C7-CBF4286CD763}.Release|Any CPU.ActiveCfg = Release|Any CPU
		{688768BB-09BE-49B5-A8C7-CBF4286CD763}.Release|Any CPU.Build.0 = Release|Any CPU
		{8D1C32C7-3AFC-40D8-AED6-60AC4F8513F6}.Debug|Any CPU.ActiveCfg = Debug|Any CPU
		{8D1C32C7-3AFC-40D8-AED6-60AC4F8513F6}.Debug|Any CPU.Build.0 = Debug|Any CPU
		{8D1C32C7-3AFC-40D8-AED6-60AC4F8513F6}.Release|Any CPU.ActiveCfg = Release|Any CPU
		{8D1C32C7-3AFC-40D8-AED6-60AC4F8513F6}.Release|Any CPU.Build.0 = Release|Any CPU
		{D5ED8D08-48F0-4F09-B193-F499744E152B}.Debug|Any CPU.ActiveCfg = Debug|Any CPU
		{D5ED8D08-48F0-4F09-B193-F499744E152B}.Debug|Any CPU.Build.0 = Debug|Any CPU
		{D5ED8D08-48F0-4F09-B193-F499744E152B}.Release|Any CPU.ActiveCfg = Release|Any CPU
		{D5ED8D08-48F0-4F09-B193-F499744E152B}.Release|Any CPU.Build.0 = Release|Any CPU
		{09771A94-5968-4950-929E-BD4BE7E536A2}.Debug|Any CPU.ActiveCfg = Debug|Any CPU
		{09771A94-5968-4950-929E-BD4BE7E536A2}.Debug|Any CPU.Build.0 = Debug|Any CPU
		{09771A94-5968-4950-929E-BD4BE7E536A2}.Release|Any CPU.ActiveCfg = Release|Any CPU
		{09771A94-5968-4950-929E-BD4BE7E536A2}.Release|Any CPU.Build.0 = Release|Any CPU
		{C25EB1D2-2986-4B1B-B6D3-0052680AD1A8}.Debug|Any CPU.ActiveCfg = Debug|Any CPU
		{C25EB1D2-2986-4B1B-B6D3-0052680AD1A8}.Debug|Any CPU.Build.0 = Debug|Any CPU
		{C25EB1D2-2986-4B1B-B6D3-0052680AD1A8}.Release|Any CPU.ActiveCfg = Release|Any CPU
		{C25EB1D2-2986-4B1B-B6D3-0052680AD1A8}.Release|Any CPU.Build.0 = Release|Any CPU
	EndGlobalSection
	GlobalSection(SolutionProperties) = preSolution
		HideSolutionNode = FALSE
	EndGlobalSection
	GlobalSection(ExtensibilityGlobals) = postSolution
		SolutionGuid = {069144DC-B33F-4768-B540-B33281B0A6D0}
	EndGlobalSection
EndGlobal
