
Microsoft Visual Studio Solution File, Format Version 12.00
# Visual Studio 15
VisualStudioVersion = 15.0.27004.2002
MinimumVisualStudioVersion = 10.0.40219.1
Project("{FAE04EC0-301F-11D3-BF4B-00C04F79EFBC}") = "01.CountWorkingDays", "CountWorkingDays\01.CountWorkingDays.csproj", "{4FE7371A-C643-4B32-8776-06F02476B837}"
EndProject
Global
	GlobalSection(SolutionConfigurationPlatforms) = preSolution
		Debug|Any CPU = Debug|Any CPU
		Release|Any CPU = Release|Any CPU
	EndGlobalSection
	GlobalSection(ProjectConfigurationPlatforms) = postSolution
		{4FE7371A-C643-4B32-8776-06F02476B837}.Debug|Any CPU.ActiveCfg = Debug|Any CPU
		{4FE7371A-C643-4B32-8776-06F02476B837}.Debug|Any CPU.Build.0 = Debug|Any CPU
		{4FE7371A-C643-4B32-8776-06F02476B837}.Release|Any CPU.ActiveCfg = Release|Any CPU
		{4FE7371A-C643-4B32-8776-06F02476B837}.Release|Any CPU.Build.0 = Release|Any CPU
	EndGlobalSection
	GlobalSection(SolutionProperties) = preSolution
		HideSolutionNode = FALSE
	EndGlobalSection
	GlobalSection(ExtensibilityGlobals) = postSolution
		SolutionGuid = {61D1ED95-2804-47A6-9C84-7FEB9E54A26F}
	EndGlobalSection
EndGlobal
